
Microsoft Visual Studio Solution File, Format Version 12.00
# Visual Studio Version 17
VisualStudioVersion = 17.4.33205.214
MinimumVisualStudioVersion = 10.0.40219.1
Project("{FAE04EC0-301F-11D3-BF4B-00C04F79EFBC}") = "SalesWPFApp", "SalesWPFApp\SalesWPFApp.csproj", "{A9617C61-4261-46C3-8C51-919225BB0890}"
EndProject
Project("{FAE04EC0-301F-11D3-BF4B-00C04F79EFBC}") = "DataAccess", "DataAccess\DataAccess.csproj", "{CC46C001-9806-4DC3-8246-690D29F0FDAE}"
EndProject
Project("{FAE04EC0-301F-11D3-BF4B-00C04F79EFBC}") = "BusinessObject", "BusinessObject\BusinessObject.csproj", "{750F9D27-477C-4349-B2DA-CDA7C1A86FB8}"
EndProject
Global
	GlobalSection(SolutionConfigurationPlatforms) = preSolution
		Debug|Any CPU = Debug|Any CPU
		Release|Any CPU = Release|Any CPU
	EndGlobalSection
	GlobalSection(ProjectConfigurationPlatforms) = postSolution
		{A9617C61-4261-46C3-8C51-919225BB0890}.Debug|Any CPU.ActiveCfg = Debug|Any CPU
		{A9617C61-4261-46C3-8C51-919225BB0890}.Debug|Any CPU.Build.0 = Debug|Any CPU
		{A9617C61-4261-46C3-8C51-919225BB0890}.Release|Any CPU.ActiveCfg = Release|Any CPU
		{A9617C61-4261-46C3-8C51-919225BB0890}.Release|Any CPU.Build.0 = Release|Any CPU
		{CC46C001-9806-4DC3-8246-690D29F0FDAE}.Debug|Any CPU.ActiveCfg = Debug|Any CPU
		{CC46C001-9806-4DC3-8246-690D29F0FDAE}.Debug|Any CPU.Build.0 = Debug|Any CPU
		{CC46C001-9806-4DC3-8246-690D29F0FDAE}.Release|Any CPU.ActiveCfg = Release|Any CPU
		{CC46C001-9806-4DC3-8246-690D29F0FDAE}.Release|Any CPU.Build.0 = Release|Any CPU
		{750F9D27-477C-4349-B2DA-CDA7C1A86FB8}.Debug|Any CPU.ActiveCfg = Debug|Any CPU
		{750F9D27-477C-4349-B2DA-CDA7C1A86FB8}.Debug|Any CPU.Build.0 = Debug|Any CPU
		{750F9D27-477C-4349-B2DA-CDA7C1A86FB8}.Release|Any CPU.ActiveCfg = Release|Any CPU
		{750F9D27-477C-4349-B2DA-CDA7C1A86FB8}.Release|Any CPU.Build.0 = Release|Any CPU
	EndGlobalSection
	GlobalSection(SolutionProperties) = preSolution
		HideSolutionNode = FALSE
	EndGlobalSection
	GlobalSection(ExtensibilityGlobals) = postSolution
		SolutionGuid = {D4A95C2E-8F99-4B01-B9BD-420B04EB74E8}
	EndGlobalSection
EndGlobal
